
Microsoft Visual Studio Solution File, Format Version 12.00
# Visual Studio Version 16
VisualStudioVersion = 16.0.32407.337
MinimumVisualStudioVersion = 10.0.40219.1
Project("{8BC9CEB8-8B4A-11D0-8D11-00A0C91BC942}") = "tests", "tests\tests.vcxproj", "{730162A9-3168-48B3-BAA5-68982FCD8596}"
EndProject
Project("{8BC9CEB8-8B4A-11D0-8D11-00A0C91BC942}") = "OOPLab4", "OOPLab4\OOPLab4.vcxproj", "{39926C57-C586-45CE-9960-137395E7972D}"
EndProject
Global
	GlobalSection(SolutionConfigurationPlatforms) = preSolution
		Debug|x64 = Debug|x64
		Debug|x86 = Debug|x86
		Release|x64 = Release|x64
		Release|x86 = Release|x86
	EndGlobalSection
	GlobalSection(ProjectConfigurationPlatforms) = postSolution
		{730162A9-3168-48B3-BAA5-68982FCD8596}.Debug|x64.ActiveCfg = Debug|x64
		{730162A9-3168-48B3-BAA5-68982FCD8596}.Debug|x64.Build.0 = Debug|x64
		{730162A9-3168-48B3-BAA5-68982FCD8596}.Debug|x86.ActiveCfg = Debug|Win32
		{730162A9-3168-48B3-BAA5-68982FCD8596}.Debug|x86.Build.0 = Debug|Win32
		{730162A9-3168-48B3-BAA5-68982FCD8596}.Release|x64.ActiveCfg = Release|x64
		{730162A9-3168-48B3-BAA5-68982FCD8596}.Release|x64.Build.0 = Release|x64
		{730162A9-3168-48B3-BAA5-68982FCD8596}.Release|x86.ActiveCfg = Release|Win32
		{730162A9-3168-48B3-BAA5-68982FCD8596}.Release|x86.Build.0 = Release|Win32
		{39926C57-C586-45CE-9960-137395E7972D}.Debug|x64.ActiveCfg = Debug|x64
		{39926C57-C586-45CE-9960-137395E7972D}.Debug|x64.Build.0 = Debug|x64
		{39926C57-C586-45CE-9960-137395E7972D}.Debug|x86.ActiveCfg = Debug|Win32
		{39926C57-C586-45CE-9960-137395E7972D}.Debug|x86.Build.0 = Debug|Win32
		{39926C57-C586-45CE-9960-137395E7972D}.Release|x64.ActiveCfg = Release|x64
		{39926C57-C586-45CE-9960-137395E7972D}.Release|x64.Build.0 = Release|x64
		{39926C57-C586-45CE-9960-137395E7972D}.Release|x86.ActiveCfg = Release|Win32
		{39926C57-C586-45CE-9960-137395E7972D}.Release|x86.Build.0 = Release|Win32
	EndGlobalSection
	GlobalSection(SolutionProperties) = preSolution
		HideSolutionNode = FALSE
	EndGlobalSection
	GlobalSection(ExtensibilityGlobals) = postSolution
		SolutionGuid = {57DA84F2-AC41-4C9B-9D23-947CD2B19453}
	EndGlobalSection
EndGlobal
